{
  "name": "myproject",
  "version": "1.0.0",
  "lockfileVersion": 1,
  "requires": true,
  "dependencies": {
    "gaugeJS": {
      "version": "1.3.5",
      "resolved": "https://registry.npmjs.org/gaugeJS/-/gaugeJS-1.3.5.tgz",
      "integrity": "sha1-v0ZTn6uuVfVVxRT3XQuEBAx2AdY=",
      "dev": true
    },
    "mdbootstrap": {
      "version": "4.4.1",
      "resolved": "https://registry.npmjs.org/mdbootstrap/-/mdbootstrap-4.4.1.tgz",
      "integrity": "sha1-J/yQuOOmQ2w99k88d8KwBmi1jBo=",
      "dev": true
    }
  }
}
